
Microsoft Visual Studio Solution File, Format Version 12.00
# Visual Studio 14
VisualStudioVersion = 14.0.25420.1
MinimumVisualStudioVersion = 10.0.40219.1
Project("{FAE04EC0-301F-11D3-BF4B-00C04F79EFBC}") = "SisPortaria", "SisPortaria\SisPortaria.csproj", "{23E06A54-A3EF-48F4-82C3-5B9D05D94B71}"
EndProject
Global
	GlobalSection(SolutionConfigurationPlatforms) = preSolution
		Debug|Any CPU = Debug|Any CPU
		Release|Any CPU = Release|Any CPU
	EndGlobalSection
	GlobalSection(ProjectConfigurationPlatforms) = postSolution
		{23E06A54-A3EF-48F4-82C3-5B9D05D94B71}.Debug|Any CPU.ActiveCfg = Debug|Any CPU
		{23E06A54-A3EF-48F4-82C3-5B9D05D94B71}.Debug|Any CPU.Build.0 = Debug|Any CPU
		{23E06A54-A3EF-48F4-82C3-5B9D05D94B71}.Release|Any CPU.ActiveCfg = Release|Any CPU
		{23E06A54-A3EF-48F4-82C3-5B9D05D94B71}.Release|Any CPU.Build.0 = Release|Any CPU
	EndGlobalSection
	GlobalSection(SolutionProperties) = preSolution
		HideSolutionNode = FALSE
	EndGlobalSection
	GlobalSection(TeamFoundationVersionControl) = preSolution
		SccNumberOfProjects = 2
		SccEnterpriseProvider = {4CA58AB2-18FA-4F8D-95D4-32DDF27D184C}
		SccTeamFoundationServer = https://systemlc.visualstudio.com/
		SccLocalPath0 = .
		SccProjectUniqueName1 = SisPortaria\\SisPortaria.csproj
		SccProjectName1 = SisPortaria
		SccLocalPath1 = SisPortaria
	EndGlobalSection
EndGlobal
